
Microsoft Visual Studio Solution File, Format Version 12.00
# Visual Studio Version 16
VisualStudioVersion = 16.0.32106.194
MinimumVisualStudioVersion = 10.0.40219.1
Project("{8BC9CEB8-8B4A-11D0-8D11-00A0C91BC942}") = "ALGO_W2D2", "ALGO_W2D2\ALGO_W2D2.vcxproj", "{02D72D93-7F99-46DC-88E0-0B536AE1C808}"
EndProject
Project("{8BC9CEB8-8B4A-11D0-8D11-00A0C91BC942}") = "Week3Deel1", "Week3Deel1\Week3Deel1.vcxproj", "{2556B4B0-99D6-483D-B918-85BA2EC8C533}"
EndProject
Project("{8BC9CEB8-8B4A-11D0-8D11-00A0C91BC942}") = "ALGO_Week2Deel1", "ALGO_Week2Deel1\ALGO_Week2Deel1.vcxproj", "{212B4091-B530-4CF5-B249-5C3F157134DE}"
EndProject
Project("{8BC9CEB8-8B4A-11D0-8D11-00A0C91BC942}") = "Week1Deel2", "Week1Deel2\Week1Deel2.vcxproj", "{BB3FD004-D5E6-4E04-9CD6-A79C53F957D4}"
EndProject
Project("{8BC9CEB8-8B4A-11D0-8D11-00A0C91BC942}") = "Week1Deel1", "Week1Deel1\Week1Deel1.vcxproj", "{1A54483E-915A-4247-8FA4-25DD3BFE4B25}"
EndProject
Project("{8BC9CEB8-8B4A-11D0-8D11-00A0C91BC942}") = "W4D1", "W4D1\W4D1.vcxproj", "{5DB911D4-7755-4ECF-ADE4-E063A520BB16}"
EndProject
Project("{8BC9CEB8-8B4A-11D0-8D11-00A0C91BC942}") = "Week3Deel2", "Week3Deel2\Week3Deel2.vcxproj", "{AAB8236F-B66F-410A-A3E3-2EC125BA727D}"
EndProject
Global
	GlobalSection(SolutionConfigurationPlatforms) = preSolution
		Debug|x64 = Debug|x64
		Debug|x86 = Debug|x86
		Release|x64 = Release|x64
		Release|x86 = Release|x86
	EndGlobalSection
	GlobalSection(ProjectConfigurationPlatforms) = postSolution
		{02D72D93-7F99-46DC-88E0-0B536AE1C808}.Debug|x64.ActiveCfg = Debug|x64
		{02D72D93-7F99-46DC-88E0-0B536AE1C808}.Debug|x64.Build.0 = Debug|x64
		{02D72D93-7F99-46DC-88E0-0B536AE1C808}.Debug|x86.ActiveCfg = Debug|Win32
		{02D72D93-7F99-46DC-88E0-0B536AE1C808}.Debug|x86.Build.0 = Debug|Win32
		{02D72D93-7F99-46DC-88E0-0B536AE1C808}.Release|x64.ActiveCfg = Release|x64
		{02D72D93-7F99-46DC-88E0-0B536AE1C808}.Release|x64.Build.0 = Release|x64
		{02D72D93-7F99-46DC-88E0-0B536AE1C808}.Release|x86.ActiveCfg = Release|Win32
		{02D72D93-7F99-46DC-88E0-0B536AE1C808}.Release|x86.Build.0 = Release|Win32
		{2556B4B0-99D6-483D-B918-85BA2EC8C533}.Debug|x64.ActiveCfg = Debug|x64
		{2556B4B0-99D6-483D-B918-85BA2EC8C533}.Debug|x64.Build.0 = Debug|x64
		{2556B4B0-99D6-483D-B918-85BA2EC8C533}.Debug|x86.ActiveCfg = Debug|Win32
		{2556B4B0-99D6-483D-B918-85BA2EC8C533}.Debug|x86.Build.0 = Debug|Win32
		{2556B4B0-99D6-483D-B918-85BA2EC8C533}.Release|x64.ActiveCfg = Release|x64
		{2556B4B0-99D6-483D-B918-85BA2EC8C533}.Release|x64.Build.0 = Release|x64
		{2556B4B0-99D6-483D-B918-85BA2EC8C533}.Release|x86.ActiveCfg = Release|Win32
		{2556B4B0-99D6-483D-B918-85BA2EC8C533}.Release|x86.Build.0 = Release|Win32
		{212B4091-B530-4CF5-B249-5C3F157134DE}.Debug|x64.ActiveCfg = Debug|x64
		{212B4091-B530-4CF5-B249-5C3F157134DE}.Debug|x64.Build.0 = Debug|x64
		{212B4091-B530-4CF5-B249-5C3F157134DE}.Debug|x86.ActiveCfg = Debug|Win32
		{212B4091-B530-4CF5-B249-5C3F157134DE}.Debug|x86.Build.0 = Debug|Win32
		{212B4091-B530-4CF5-B249-5C3F157134DE}.Release|x64.ActiveCfg = Release|x64
		{212B4091-B530-4CF5-B249-5C3F157134DE}.Release|x64.Build.0 = Release|x64
		{212B4091-B530-4CF5-B249-5C3F157134DE}.Release|x86.ActiveCfg = Release|Win32
		{212B4091-B530-4CF5-B249-5C3F157134DE}.Release|x86.Build.0 = Release|Win32
		{BB3FD004-D5E6-4E04-9CD6-A79C53F957D4}.Debug|x64.ActiveCfg = Debug|x64
		{BB3FD004-D5E6-4E04-9CD6-A79C53F957D4}.Debug|x64.Build.0 = Debug|x64
		{BB3FD004-D5E6-4E04-9CD6-A79C53F957D4}.Debug|x86.ActiveCfg = Debug|Win32
		{BB3FD004-D5E6-4E04-9CD6-A79C53F957D4}.Debug|x86.Build.0 = Debug|Win32
		{BB3FD004-D5E6-4E04-9CD6-A79C53F957D4}.Release|x64.ActiveCfg = Release|x64
		{BB3FD004-D5E6-4E04-9CD6-A79C53F957D4}.Release|x64.Build.0 = Release|x64
		{BB3FD004-D5E6-4E04-9CD6-A79C53F957D4}.Release|x86.ActiveCfg = Release|Win32
		{BB3FD004-D5E6-4E04-9CD6-A79C53F957D4}.Release|x86.Build.0 = Release|Win32
		{1A54483E-915A-4247-8FA4-25DD3BFE4B25}.Debug|x64.ActiveCfg = Debug|x64
		{1A54483E-915A-4247-8FA4-25DD3BFE4B25}.Debug|x64.Build.0 = Debug|x64
		{1A54483E-915A-4247-8FA4-25DD3BFE4B25}.Debug|x86.ActiveCfg = Debug|Win32
		{1A54483E-915A-4247-8FA4-25DD3BFE4B25}.Debug|x86.Build.0 = Debug|Win32
		{1A54483E-915A-4247-8FA4-25DD3BFE4B25}.Release|x64.ActiveCfg = Release|x64
		{1A54483E-915A-4247-8FA4-25DD3BFE4B25}.Release|x64.Build.0 = Release|x64
		{1A54483E-915A-4247-8FA4-25DD3BFE4B25}.Release|x86.ActiveCfg = Release|Win32
		{1A54483E-915A-4247-8FA4-25DD3BFE4B25}.Release|x86.Build.0 = Release|Win32
		{5DB911D4-7755-4ECF-ADE4-E063A520BB16}.Debug|x64.ActiveCfg = Debug|x64
		{5DB911D4-7755-4ECF-ADE4-E063A520BB16}.Debug|x64.Build.0 = Debug|x64
		{5DB911D4-7755-4ECF-ADE4-E063A520BB16}.Debug|x86.ActiveCfg = Debug|Win32
		{5DB911D4-7755-4ECF-ADE4-E063A520BB16}.Debug|x86.Build.0 = Debug|Win32
		{5DB911D4-7755-4ECF-ADE4-E063A520BB16}.Release|x64.ActiveCfg = Release|x64
		{5DB911D4-7755-4ECF-ADE4-E063A520BB16}.Release|x64.Build.0 = Release|x64
		{5DB911D4-7755-4ECF-ADE4-E063A520BB16}.Release|x86.ActiveCfg = Release|Win32
		{5DB911D4-7755-4ECF-ADE4-E063A520BB16}.Release|x86.Build.0 = Release|Win32
		{AAB8236F-B66F-410A-A3E3-2EC125BA727D}.Debug|x64.ActiveCfg = Debug|x64
		{AAB8236F-B66F-410A-A3E3-2EC125BA727D}.Debug|x64.Build.0 = Debug|x64
		{AAB8236F-B66F-410A-A3E3-2EC125BA727D}.Debug|x86.ActiveCfg = Debug|Win32
		{AAB8236F-B66F-410A-A3E3-2EC125BA727D}.Debug|x86.Build.0 = Debug|Win32
		{AAB8236F-B66F-410A-A3E3-2EC125BA727D}.Release|x64.ActiveCfg = Release|x64
		{AAB8236F-B66F-410A-A3E3-2EC125BA727D}.Release|x64.Build.0 = Release|x64
		{AAB8236F-B66F-410A-A3E3-2EC125BA727D}.Release|x86.ActiveCfg = Release|Win32
		{AAB8236F-B66F-410A-A3E3-2EC125BA727D}.Release|x86.Build.0 = Release|Win32
	EndGlobalSection
	GlobalSection(SolutionProperties) = preSolution
		HideSolutionNode = FALSE
	EndGlobalSection
	GlobalSection(ExtensibilityGlobals) = postSolution
		SolutionGuid = {7C11B2C1-8BDA-412D-BE39-73F9A2A86270}
	EndGlobalSection
EndGlobal
